
Microsoft Visual Studio Solution File, Format Version 12.00
# Visual Studio 15
Project("{FAE04EC0-301F-11D3-BF4B-00C04F79EFBC}") = "Assembly-CSharp", "Assembly-CSharp.csproj", "{B1A35E45-31D3-557E-B06D-10240102F83D}"
EndProject
Project("{FAE04EC0-301F-11D3-BF4B-00C04F79EFBC}") = "CW.Common", "CW.Common.csproj", "{B63365C3-CAEF-D27D-6178-3ACABADCFC42}"
EndProject
Project("{FAE04EC0-301F-11D3-BF4B-00C04F79EFBC}") = "LeanLocalization", "LeanLocalization.csproj", "{1ECDBBFC-6393-2483-58DD-20F36A0725CC}"
EndProject
Project("{FAE04EC0-301F-11D3-BF4B-00C04F79EFBC}") = "LeanCommon", "LeanCommon.csproj", "{BFD060F2-70E8-2D12-FEFC-5D4C04ADBF36}"
EndProject
Project("{FAE04EC0-301F-11D3-BF4B-00C04F79EFBC}") = "DOTween.Modules", "DOTween.Modules.csproj", "{90B5D4EE-1D71-0B6C-94D5-9B1EC60F35A6}"
EndProject
Project("{FAE04EC0-301F-11D3-BF4B-00C04F79EFBC}") = "Agava.WebUtility.Samples.Playtesting", "Agava.WebUtility.Samples.Playtesting.csproj", "{2EEDA68D-F8D6-B76B-51D1-4C867C9CBC8A}"
EndProject
Project("{FAE04EC0-301F-11D3-BF4B-00C04F79EFBC}") = "LeanLocalization.TMP", "LeanLocalization.TMP.csproj", "{D9B31134-DB3C-E4B8-9738-69F88FAF66F6}"
EndProject
Project("{FAE04EC0-301F-11D3-BF4B-00C04F79EFBC}") = "Agava.YandexGames.Samples.Playtesting", "Agava.YandexGames.Samples.Playtesting.csproj", "{56C6C111-11AD-ADEC-5B23-E9AAE6E8851C}"
EndProject
Project("{FAE04EC0-301F-11D3-BF4B-00C04F79EFBC}") = "LeanLocalizationEditor", "LeanLocalizationEditor.csproj", "{948808A2-13C5-E526-D6BA-371C392850E9}"
EndProject
Global
	GlobalSection(SolutionConfigurationPlatforms) = preSolution
		Debug|Any CPU = Debug|Any CPU
		Release|Any CPU = Release|Any CPU
	EndGlobalSection
	GlobalSection(ProjectConfigurationPlatforms) = postSolution
		{B1A35E45-31D3-557E-B06D-10240102F83D}.Debug|Any CPU.ActiveCfg = Debug|Any CPU
		{B1A35E45-31D3-557E-B06D-10240102F83D}.Debug|Any CPU.Build.0 = Debug|Any CPU
		{B1A35E45-31D3-557E-B06D-10240102F83D}.Release|Any CPU.ActiveCfg = Release|Any CPU
		{B1A35E45-31D3-557E-B06D-10240102F83D}.Release|Any CPU.Build.0 = Release|Any CPU
		{B63365C3-CAEF-D27D-6178-3ACABADCFC42}.Debug|Any CPU.ActiveCfg = Debug|Any CPU
		{B63365C3-CAEF-D27D-6178-3ACABADCFC42}.Debug|Any CPU.Build.0 = Debug|Any CPU
		{B63365C3-CAEF-D27D-6178-3ACABADCFC42}.Release|Any CPU.ActiveCfg = Release|Any CPU
		{B63365C3-CAEF-D27D-6178-3ACABADCFC42}.Release|Any CPU.Build.0 = Release|Any CPU
		{1ECDBBFC-6393-2483-58DD-20F36A0725CC}.Debug|Any CPU.ActiveCfg = Debug|Any CPU
		{1ECDBBFC-6393-2483-58DD-20F36A0725CC}.Debug|Any CPU.Build.0 = Debug|Any CPU
		{1ECDBBFC-6393-2483-58DD-20F36A0725CC}.Release|Any CPU.ActiveCfg = Release|Any CPU
		{1ECDBBFC-6393-2483-58DD-20F36A0725CC}.Release|Any CPU.Build.0 = Release|Any CPU
		{BFD060F2-70E8-2D12-FEFC-5D4C04ADBF36}.Debug|Any CPU.ActiveCfg = Debug|Any CPU
		{BFD060F2-70E8-2D12-FEFC-5D4C04ADBF36}.Debug|Any CPU.Build.0 = Debug|Any CPU
		{BFD060F2-70E8-2D12-FEFC-5D4C04ADBF36}.Release|Any CPU.ActiveCfg = Release|Any CPU
		{BFD060F2-70E8-2D12-FEFC-5D4C04ADBF36}.Release|Any CPU.Build.0 = Release|Any CPU
		{90B5D4EE-1D71-0B6C-94D5-9B1EC60F35A6}.Debug|Any CPU.ActiveCfg = Debug|Any CPU
		{90B5D4EE-1D71-0B6C-94D5-9B1EC60F35A6}.Debug|Any CPU.Build.0 = Debug|Any CPU
		{90B5D4EE-1D71-0B6C-94D5-9B1EC60F35A6}.Release|Any CPU.ActiveCfg = Release|Any CPU
		{90B5D4EE-1D71-0B6C-94D5-9B1EC60F35A6}.Release|Any CPU.Build.0 = Release|Any CPU
		{2EEDA68D-F8D6-B76B-51D1-4C867C9CBC8A}.Debug|Any CPU.ActiveCfg = Debug|Any CPU
		{2EEDA68D-F8D6-B76B-51D1-4C867C9CBC8A}.Debug|Any CPU.Build.0 = Debug|Any CPU
		{2EEDA68D-F8D6-B76B-51D1-4C867C9CBC8A}.Release|Any CPU.ActiveCfg = Release|Any CPU
		{2EEDA68D-F8D6-B76B-51D1-4C867C9CBC8A}.Release|Any CPU.Build.0 = Release|Any CPU
		{D9B31134-DB3C-E4B8-9738-69F88FAF66F6}.Debug|Any CPU.ActiveCfg = Debug|Any CPU
		{D9B31134-DB3C-E4B8-9738-69F88FAF66F6}.Debug|Any CPU.Build.0 = Debug|Any CPU
		{D9B31134-DB3C-E4B8-9738-69F88FAF66F6}.Release|Any CPU.ActiveCfg = Release|Any CPU
		{D9B31134-DB3C-E4B8-9738-69F88FAF66F6}.Release|Any CPU.Build.0 = Release|Any CPU
		{56C6C111-11AD-ADEC-5B23-E9AAE6E8851C}.Debug|Any CPU.ActiveCfg = Debug|Any CPU
		{56C6C111-11AD-ADEC-5B23-E9AAE6E8851C}.Debug|Any CPU.Build.0 = Debug|Any CPU
		{56C6C111-11AD-ADEC-5B23-E9AAE6E8851C}.Release|Any CPU.ActiveCfg = Release|Any CPU
		{56C6C111-11AD-ADEC-5B23-E9AAE6E8851C}.Release|Any CPU.Build.0 = Release|Any CPU
		{948808A2-13C5-E526-D6BA-371C392850E9}.Debug|Any CPU.ActiveCfg = Debug|Any CPU
		{948808A2-13C5-E526-D6BA-371C392850E9}.Debug|Any CPU.Build.0 = Debug|Any CPU
		{948808A2-13C5-E526-D6BA-371C392850E9}.Release|Any CPU.ActiveCfg = Release|Any CPU
		{948808A2-13C5-E526-D6BA-371C392850E9}.Release|Any CPU.Build.0 = Release|Any CPU
	EndGlobalSection
	GlobalSection(SolutionProperties) = preSolution
		HideSolutionNode = FALSE
	EndGlobalSection
EndGlobal
